// !$*UTF8*$!
{
	archiveVersion = 1;
	classes = {
	};
	objectVersion = 56;
	objects = {

/* Begin PBXBuildFile section */
		F41690C32BEA90C400E5C354 /* ImagesListCellDataSource.swift in Sources */ = {isa = PBXBuildFile; fileRef = F41690C22BEA90C400E5C354 /* ImagesListCellDataSource.swift */; };
		F41690C92BEB38FD00E5C354 /* ImagesListCellProtocol.swift in Sources */ = {isa = PBXBuildFile; fileRef = F41690C82BEB38FD00E5C354 /* ImagesListCellProtocol.swift */; };
		F41D8FB82BE6A7A400118AAE /* AppDelegate.swift in Sources */ = {isa = PBXBuildFile; fileRef = F41D8FB72BE6A7A400118AAE /* AppDelegate.swift */; };
		F41D8FBA2BE6A7A400118AAE /* SceneDelegate.swift in Sources */ = {isa = PBXBuildFile; fileRef = F41D8FB92BE6A7A400118AAE /* SceneDelegate.swift */; };
		F41D8FBC2BE6A7A400118AAE /* ImagesListViewController.swift in Sources */ = {isa = PBXBuildFile; fileRef = F41D8FBB2BE6A7A400118AAE /* ImagesListViewController.swift */; };
		F41D8FBF2BE6A7A400118AAE /* Base in Resources */ = {isa = PBXBuildFile; fileRef = F41D8FBE2BE6A7A400118AAE /* Base */; };
		F41D8FC12BE6A7A500118AAE /* Assets.xcassets in Resources */ = {isa = PBXBuildFile; fileRef = F41D8FC02BE6A7A500118AAE /* Assets.xcassets */; };
		F41D8FC42BE6A7A500118AAE /* Base in Resources */ = {isa = PBXBuildFile; fileRef = F41D8FC32BE6A7A500118AAE /* Base */; };
		F41D8FCC2BE7E85100118AAE /* ImagesListCell.swift in Sources */ = {isa = PBXBuildFile; fileRef = F41D8FCB2BE7E85100118AAE /* ImagesListCell.swift */; };
		F41D8FD12BEA017F00118AAE /* GradientView.swift in Sources */ = {isa = PBXBuildFile; fileRef = F41D8FD02BEA017F00118AAE /* GradientView.swift */; };
/* End PBXBuildFile section */

/* Begin PBXFileReference section */
		F41690C22BEA90C400E5C354 /* ImagesListCellDataSource.swift */ = {isa = PBXFileReference; lastKnownFileType = sourcecode.swift; path = ImagesListCellDataSource.swift; sourceTree = "<group>"; };
		F41690C82BEB38FD00E5C354 /* ImagesListCellProtocol.swift */ = {isa = PBXFileReference; lastKnownFileType = sourcecode.swift; path = ImagesListCellProtocol.swift; sourceTree = "<group>"; };
		F41D8FB42BE6A7A400118AAE /* ImageFeed.app */ = {isa = PBXFileReference; explicitFileType = wrapper.application; includeInIndex = 0; path = ImageFeed.app; sourceTree = BUILT_PRODUCTS_DIR; };
		F41D8FB72BE6A7A400118AAE /* AppDelegate.swift */ = {isa = PBXFileReference; lastKnownFileType = sourcecode.swift; path = AppDelegate.swift; sourceTree = "<group>"; };
		F41D8FB92BE6A7A400118AAE /* SceneDelegate.swift */ = {isa = PBXFileReference; lastKnownFileType = sourcecode.swift; path = SceneDelegate.swift; sourceTree = "<group>"; };
		F41D8FBB2BE6A7A400118AAE /* ImagesListViewController.swift */ = {isa = PBXFileReference; lastKnownFileType = sourcecode.swift; path = ImagesListViewController.swift; sourceTree = "<group>"; };
		F41D8FBE2BE6A7A400118AAE /* Base */ = {isa = PBXFileReference; lastKnownFileType = file.storyboard; name = Base; path = Base.lproj/Main.storyboard; sourceTree = "<group>"; };
		F41D8FC02BE6A7A500118AAE /* Assets.xcassets */ = {isa = PBXFileReference; lastKnownFileType = folder.assetcatalog; path = Assets.xcassets; sourceTree = "<group>"; };
		F41D8FC32BE6A7A500118AAE /* Base */ = {isa = PBXFileReference; lastKnownFileType = file.storyboard; name = Base; path = Base.lproj/LaunchScreen.storyboard; sourceTree = "<group>"; };
		F41D8FC52BE6A7A500118AAE /* Info.plist */ = {isa = PBXFileReference; lastKnownFileType = text.plist.xml; path = Info.plist; sourceTree = "<group>"; };
		F41D8FCB2BE7E85100118AAE /* ImagesListCell.swift */ = {isa = PBXFileReference; lastKnownFileType = sourcecode.swift; path = ImagesListCell.swift; sourceTree = "<group>"; };
		F41D8FD02BEA017F00118AAE /* GradientView.swift */ = {isa = PBXFileReference; lastKnownFileType = sourcecode.swift; path = GradientView.swift; sourceTree = "<group>"; };
/* End PBXFileReference section */

/* Begin PBXFrameworksBuildPhase section */
		F41D8FB12BE6A7A400118AAE /* Frameworks */ = {
			isa = PBXFrameworksBuildPhase;
			buildActionMask = 2147483647;
			files = (
			);
			runOnlyForDeploymentPostprocessing = 0;
		};
/* End PBXFrameworksBuildPhase section */

/* Begin PBXGroup section */
		F41690C12BEA90A400E5C354 /* ImagesListCell */ = {
			isa = PBXGroup;
			children = (
				F41690C82BEB38FD00E5C354 /* ImagesListCellProtocol.swift */,
				F41690C22BEA90C400E5C354 /* ImagesListCellDataSource.swift */,
				F41D8FCB2BE7E85100118AAE /* ImagesListCell.swift */,
			);
			path = ImagesListCell;
			sourceTree = "<group>";
		};
		F41690C72BEB38C500E5C354 /* ViewController */ = {
			isa = PBXGroup;
			children = (
				F41D8FBB2BE6A7A400118AAE /* ImagesListViewController.swift */,
			);
			path = ViewController;
			sourceTree = "<group>";
		};
		F41D8FAB2BE6A7A400118AAE = {
			isa = PBXGroup;
			children = (
				F41D8FB62BE6A7A400118AAE /* ImageFeed */,
				F41D8FB52BE6A7A400118AAE /* Products */,
			);
			sourceTree = "<group>";
		};
		F41D8FB52BE6A7A400118AAE /* Products */ = {
			isa = PBXGroup;
			children = (
				F41D8FB42BE6A7A400118AAE /* ImageFeed.app */,
			);
			name = Products;
			sourceTree = "<group>";
		};
		F41D8FB62BE6A7A400118AAE /* ImageFeed */ = {
			isa = PBXGroup;
			children = (
				F41D8FB72BE6A7A400118AAE /* AppDelegate.swift */,
				F41D8FB92BE6A7A400118AAE /* SceneDelegate.swift */,
				F41D8FBD2BE6A7A400118AAE /* Main.storyboard */,
				F41D8FC02BE6A7A500118AAE /* Assets.xcassets */,
				F41D8FC22BE6A7A500118AAE /* LaunchScreen.storyboard */,
				F41D8FC52BE6A7A500118AAE /* Info.plist */,
				F41D8FCD2BE7E87600118AAE /* ImagesList */,
				F41D8FCE2BEA010A00118AAE /* Utils */,
			);
			path = ImageFeed;
			sourceTree = "<group>";
		};
		F41D8FCD2BE7E87600118AAE /* ImagesList */ = {
			isa = PBXGroup;
			children = (
				F41690C72BEB38C500E5C354 /* ViewController */,
				F41690C12BEA90A400E5C354 /* ImagesListCell */,
			);
			path = ImagesList;
			sourceTree = "<group>";
		};
		F41D8FCE2BEA010A00118AAE /* Utils */ = {
			isa = PBXGroup;
			children = (
				F41D8FCF2BEA016D00118AAE /* UI */,
			);
			path = Utils;
			sourceTree = "<group>";
		};
		F41D8FCF2BEA016D00118AAE /* UI */ = {
			isa = PBXGroup;
			children = (
				F41D8FD02BEA017F00118AAE /* GradientView.swift */,
			);
			path = UI;
			sourceTree = "<group>";
		};
/* End PBXGroup section */

/* Begin PBXNativeTarget section */
		F41D8FB32BE6A7A400118AAE /* ImageFeed */ = {
			isa = PBXNativeTarget;
			buildConfigurationList = F41D8FC82BE6A7A500118AAE /* Build configuration list for PBXNativeTarget "ImageFeed" */;
			buildPhases = (
				F41D8FB02BE6A7A400118AAE /* Sources */,
				F41D8FB12BE6A7A400118AAE /* Frameworks */,
				F41D8FB22BE6A7A400118AAE /* Resources */,
			);
			buildRules = (
			);
			dependencies = (
			);
			name = ImageFeed;
			productName = ImageFeed;
			productReference = F41D8FB42BE6A7A400118AAE /* ImageFeed.app */;
			productType = "com.apple.product-type.application";
		};
/* End PBXNativeTarget section */

/* Begin PBXProject section */
		F41D8FAC2BE6A7A400118AAE /* Project object */ = {
			isa = PBXProject;
			attributes = {
				BuildIndependentTargetsInParallel = 1;
				LastSwiftUpdateCheck = 1530;
				LastUpgradeCheck = 1530;
				TargetAttributes = {
					F41D8FB32BE6A7A400118AAE = {
						CreatedOnToolsVersion = 15.3;
					};
				};
			};
			buildConfigurationList = F41D8FAF2BE6A7A400118AAE /* Build configuration list for PBXProject "ImageFeed" */;
			compatibilityVersion = "Xcode 14.0";
			developmentRegion = en;
			hasScannedForEncodings = 0;
			knownRegions = (
				en,
				Base,
			);
			mainGroup = F41D8FAB2BE6A7A400118AAE;
			productRefGroup = F41D8FB52BE6A7A400118AAE /* Products */;
			projectDirPath = "";
			projectRoot = "";
			targets = (
				F41D8FB32BE6A7A400118AAE /* ImageFeed */,
			);
		};
/* End PBXProject section */

/* Begin PBXResourcesBuildPhase section */
		F41D8FB22BE6A7A400118AAE /* Resources */ = {
			isa = PBXResourcesBuildPhase;
			buildActionMask = 2147483647;
			files = (
				F41D8FC12BE6A7A500118AAE /* Assets.xcassets in Resources */,
				F41D8FC42BE6A7A500118AAE /* Base in Resources */,
				F41D8FBF2BE6A7A400118AAE /* Base in Resources */,
			);
			runOnlyForDeploymentPostprocessing = 0;
		};
/* End PBXResourcesBuildPhase section */

/* Begin PBXSourcesBuildPhase section */
		F41D8FB02BE6A7A400118AAE /* Sources */ = {
			isa = PBXSourcesBuildPhase;
			buildActionMask = 2147483647;
			files = (
				F41D8FBC2BE6A7A400118AAE /* ImagesListViewController.swift in Sources */,
				F41D8FCC2BE7E85100118AAE /* ImagesListCell.swift in Sources */,
				F41D8FD12BEA017F00118AAE /* GradientView.swift in Sources */,
				F41D8FB82BE6A7A400118AAE /* AppDelegate.swift in Sources */,
				F41690C92BEB38FD00E5C354 /* ImagesListCellProtocol.swift in Sources */,
				F41690C32BEA90C400E5C354 /* ImagesListCellDataSource.swift in Sources */,
				F41D8FBA2BE6A7A400118AAE /* SceneDelegate.swift in Sources */,
			);
			runOnlyForDeploymentPostprocessing = 0;
		};
/* End PBXSourcesBuildPhase section */

/* Begin PBXVariantGroup section */
		F41D8FBD2BE6A7A400118AAE /* Main.storyboard */ = {
			isa = PBXVariantGroup;
			children = (
				F41D8FBE2BE6A7A400118AAE /* Base */,
			);
			name = Main.storyboard;
			sourceTree = "<group>";
		};
		F41D8FC22BE6A7A500118AAE /* LaunchScreen.storyboard */ = {
			isa = PBXVariantGroup;
			children = (
				F41D8FC32BE6A7A500118AAE /* Base */,
			);
			name = LaunchScreen.storyboard;
			sourceTree = "<group>";
		};
/* End PBXVariantGroup section */

/* Begin XCBuildConfiguration section */
		F41D8FC62BE6A7A500118AAE /* Debug */ = {
			isa = XCBuildConfiguration;
			buildSettings = {
				ALWAYS_SEARCH_USER_PATHS = NO;
				ASSETCATALOG_COMPILER_GENERATE_SWIFT_ASSET_SYMBOL_EXTENSIONS = YES;
				CLANG_ANALYZER_NONNULL = YES;
				CLANG_ANALYZER_NUMBER_OBJECT_CONVERSION = YES_AGGRESSIVE;
				CLANG_CXX_LANGUAGE_STANDARD = "gnu++20";
				CLANG_ENABLE_MODULES = YES;
				CLANG_ENABLE_OBJC_ARC = YES;
				CLANG_ENABLE_OBJC_WEAK = YES;
				CLANG_WARN_BLOCK_CAPTURE_AUTORELEASING = YES;
				CLANG_WARN_BOOL_CONVERSION = YES;
				CLANG_WARN_COMMA = YES;
				CLANG_WARN_CONSTANT_CONVERSION = YES;
				CLANG_WARN_DEPRECATED_OBJC_IMPLEMENTATIONS = YES;
				CLANG_WARN_DIRECT_OBJC_ISA_USAGE = YES_ERROR;
				CLANG_WARN_DOCUMENTATION_COMMENTS = YES;
				CLANG_WARN_EMPTY_BODY = YES;
				CLANG_WARN_ENUM_CONVERSION = YES;
				CLANG_WARN_INFINITE_RECURSION = YES;
				CLANG_WARN_INT_CONVERSION = YES;
				CLANG_WARN_NON_LITERAL_NULL_CONVERSION = YES;
				CLANG_WARN_OBJC_IMPLICIT_RETAIN_SELF = YES;
				CLANG_WARN_OBJC_LITERAL_CONVERSION = YES;
				CLANG_WARN_OBJC_ROOT_CLASS = YES_ERROR;
				CLANG_WARN_QUOTED_INCLUDE_IN_FRAMEWORK_HEADER = YES;
				CLANG_WARN_RANGE_LOOP_ANALYSIS = YES;
				CLANG_WARN_STRICT_PROTOTYPES = YES;
				CLANG_WARN_SUSPICIOUS_MOVE = YES;
				CLANG_WARN_UNGUARDED_AVAILABILITY = YES_AGGRESSIVE;
				CLANG_WARN_UNREACHABLE_CODE = YES;
				CLANG_WARN__DUPLICATE_METHOD_MATCH = YES;
				COPY_PHASE_STRIP = NO;
				DEBUG_INFORMATION_FORMAT = dwarf;
				ENABLE_STRICT_OBJC_MSGSEND = YES;
				ENABLE_TESTABILITY = YES;
				ENABLE_USER_SCRIPT_SANDBOXING = YES;
				GCC_C_LANGUAGE_STANDARD = gnu17;
				GCC_DYNAMIC_NO_PIC = NO;
				GCC_NO_COMMON_BLOCKS = YES;
				GCC_OPTIMIZATION_LEVEL = 0;
				GCC_PREPROCESSOR_DEFINITIONS = (
					"DEBUG=1",
					"$(inherited)",
				);
				GCC_WARN_64_TO_32_BIT_CONVERSION = YES;
				GCC_WARN_ABOUT_RETURN_TYPE = YES_ERROR;
				GCC_WARN_UNDECLARED_SELECTOR = YES;
				GCC_WARN_UNINITIALIZED_AUTOS = YES_AGGRESSIVE;
				GCC_WARN_UNUSED_FUNCTION = YES;
				GCC_WARN_UNUSED_VARIABLE = YES;
				IPHONEOS_DEPLOYMENT_TARGET = 17.4;
				LOCALIZATION_PREFERS_STRING_CATALOGS = YES;
				MTL_ENABLE_DEBUG_INFO = INCLUDE_SOURCE;
				MTL_FAST_MATH = YES;
				ONLY_ACTIVE_ARCH = YES;
				SDKROOT = iphoneos;
				SWIFT_ACTIVE_COMPILATION_CONDITIONS = "DEBUG $(inherited)";
				SWIFT_OPTIMIZATION_LEVEL = "-Onone";
			};
			name = Debug;
		};
		F41D8FC72BE6A7A500118AAE /* Release */ = {
			isa = XCBuildConfiguration;
			buildSettings = {
				ALWAYS_SEARCH_USER_PATHS = NO;
				ASSETCATALOG_COMPILER_GENERATE_SWIFT_ASSET_SYMBOL_EXTENSIONS = YES;
				CLANG_ANALYZER_NONNULL = YES;
				CLANG_ANALYZER_NUMBER_OBJECT_CONVERSION = YES_AGGRESSIVE;
				CLANG_CXX_LANGUAGE_STANDARD = "gnu++20";
				CLANG_ENABLE_MODULES = YES;
				CLANG_ENABLE_OBJC_ARC = YES;
				CLANG_ENABLE_OBJC_WEAK = YES;
				CLANG_WARN_BLOCK_CAPTURE_AUTORELEASING = YES;
				CLANG_WARN_BOOL_CONVERSION = YES;
				CLANG_WARN_COMMA = YES;
				CLANG_WARN_CONSTANT_CONVERSION = YES;
				CLANG_WARN_DEPRECATED_OBJC_IMPLEMENTATIONS = YES;
				CLANG_WARN_DIRECT_OBJC_ISA_USAGE = YES_ERROR;
				CLANG_WARN_DOCUMENTATION_COMMENTS = YES;
				CLANG_WARN_EMPTY_BODY = YES;
				CLANG_WARN_ENUM_CONVERSION = YES;
				CLANG_WARN_INFINITE_RECURSION = YES;
				CLANG_WARN_INT_CONVERSION = YES;
				CLANG_WARN_NON_LITERAL_NULL_CONVERSION = YES;
				CLANG_WARN_OBJC_IMPLICIT_RETAIN_SELF = YES;
				CLANG_WARN_OBJC_LITERAL_CONVERSION = YES;
				CLANG_WARN_OBJC_ROOT_CLASS = YES_ERROR;
				CLANG_WARN_QUOTED_INCLUDE_IN_FRAMEWORK_HEADER = YES;
				CLANG_WARN_RANGE_LOOP_ANALYSIS = YES;
				CLANG_WARN_STRICT_PROTOTYPES = YES;
				CLANG_WARN_SUSPICIOUS_MOVE = YES;
				CLANG_WARN_UNGUARDED_AVAILABILITY = YES_AGGRESSIVE;
				CLANG_WARN_UNREACHABLE_CODE = YES;
				CLANG_WARN__DUPLICATE_METHOD_MATCH = YES;
				COPY_PHASE_STRIP = NO;
				DEBUG_INFORMATION_FORMAT = "dwarf-with-dsym";
				ENABLE_NS_ASSERTIONS = NO;
				ENABLE_STRICT_OBJC_MSGSEND = YES;
				ENABLE_USER_SCRIPT_SANDBOXING = YES;
				GCC_C_LANGUAGE_STANDARD = gnu17;
				GCC_NO_COMMON_BLOCKS = YES;
				GCC_WARN_64_TO_32_BIT_CONVERSION = YES;
				GCC_WARN_ABOUT_RETURN_TYPE = YES_ERROR;
				GCC_WARN_UNDECLARED_SELECTOR = YES;
				GCC_WARN_UNINITIALIZED_AUTOS = YES_AGGRESSIVE;
				GCC_WARN_UNUSED_FUNCTION = YES;
				GCC_WARN_UNUSED_VARIABLE = YES;
				IPHONEOS_DEPLOYMENT_TARGET = 17.4;
				LOCALIZATION_PREFERS_STRING_CATALOGS = YES;
				MTL_ENABLE_DEBUG_INFO = NO;
				MTL_FAST_MATH = YES;
				SDKROOT = iphoneos;
				SWIFT_COMPILATION_MODE = wholemodule;
				VALIDATE_PRODUCT = YES;
			};
			name = Release;
		};
		F41D8FC92BE6A7A500118AAE /* Debug */ = {
			isa = XCBuildConfiguration;
			buildSettings = {
				ASSETCATALOG_COMPILER_APPICON_NAME = AppIcon;
				ASSETCATALOG_COMPILER_GLOBAL_ACCENT_COLOR_NAME = AccentColor;
				CODE_SIGN_STYLE = Automatic;
				CURRENT_PROJECT_VERSION = 1;
				DEVELOPMENT_TEAM = 3B336RAGHX;
				GENERATE_INFOPLIST_FILE = YES;
				INFOPLIST_FILE = ImageFeed/Info.plist;
				INFOPLIST_KEY_UIApplicationSupportsIndirectInputEvents = YES;
				INFOPLIST_KEY_UILaunchStoryboardName = LaunchScreen;
				INFOPLIST_KEY_UIMainStoryboardFile = Main;
				INFOPLIST_KEY_UIStatusBarStyle = UIStatusBarStyleLightContent;
				INFOPLIST_KEY_UISupportedInterfaceOrientations = UIInterfaceOrientationPortrait;
				INFOPLIST_KEY_UISupportedInterfaceOrientations_iPad = "UIInterfaceOrientationLandscapeLeft UIInterfaceOrientationLandscapeRight UIInterfaceOrientationPortrait UIInterfaceOrientationPortraitUpsideDown";
				IPHONEOS_DEPLOYMENT_TARGET = 13.0;
				LD_RUNPATH_SEARCH_PATHS = (
					"$(inherited)",
					"@executable_path/Frameworks",
				);
				MARKETING_VERSION = 1.0;
				PRODUCT_BUNDLE_IDENTIFIER = com.leonidlavrov.ImageFeed;
				PRODUCT_NAME = "$(TARGET_NAME)";
				SUPPORTED_PLATFORMS = "iphoneos iphonesimulator";
				SUPPORTS_MACCATALYST = NO;
				SUPPORTS_MAC_DESIGNED_FOR_IPHONE_IPAD = NO;
				SUPPORTS_XR_DESIGNED_FOR_IPHONE_IPAD = NO;
				SWIFT_EMIT_LOC_STRINGS = YES;
				SWIFT_VERSION = 5.0;
				TARGETED_DEVICE_FAMILY = 1;
			};
			name = Debug;
		};
		F41D8FCA2BE6A7A500118AAE /* Release */ = {
			isa = XCBuildConfiguration;
			buildSettings = {
				ASSETCATALOG_COMPILER_APPICON_NAME = AppIcon;
				ASSETCATALOG_COMPILER_GLOBAL_ACCENT_COLOR_NAME = AccentColor;
				CODE_SIGN_STYLE = Automatic;
				CURRENT_PROJECT_VERSION = 1;
				DEVELOPMENT_TEAM = 3B336RAGHX;
				GENERATE_INFOPLIST_FILE = YES;
				INFOPLIST_FILE = ImageFeed/Info.plist;
				INFOPLIST_KEY_UIApplicationSupportsIndirectInputEvents = YES;
				INFOPLIST_KEY_UILaunchStoryboardName = LaunchScreen;
				INFOPLIST_KEY_UIMainStoryboardFile = Main;
				INFOPLIST_KEY_UIStatusBarStyle = UIStatusBarStyleLightContent;
				INFOPLIST_KEY_UISupportedInterfaceOrientations = UIInterfaceOrientationPortrait;
				INFOPLIST_KEY_UISupportedInterfaceOrientations_iPad = "UIInterfaceOrientationLandscapeLeft UIInterfaceOrientationLandscapeRight UIInterfaceOrientationPortrait UIInterfaceOrientationPortraitUpsideDown";
				IPHONEOS_DEPLOYMENT_TARGET = 13.0;
				LD_RUNPATH_SEARCH_PATHS = (
					"$(inherited)",
					"@executable_path/Frameworks",
				);
				MARKETING_VERSION = 1.0;
				PRODUCT_BUNDLE_IDENTIFIER = com.leonidlavrov.ImageFeed;
				PRODUCT_NAME = "$(TARGET_NAME)";
				SUPPORTED_PLATFORMS = "iphoneos iphonesimulator";
				SUPPORTS_MACCATALYST = NO;
				SUPPORTS_MAC_DESIGNED_FOR_IPHONE_IPAD = NO;
				SUPPORTS_XR_DESIGNED_FOR_IPHONE_IPAD = NO;
				SWIFT_EMIT_LOC_STRINGS = YES;
				SWIFT_VERSION = 5.0;
				TARGETED_DEVICE_FAMILY = 1;
			};
			name = Release;
		};
/* End XCBuildConfiguration section */

/* Begin XCConfigurationList section */
		F41D8FAF2BE6A7A400118AAE /* Build configuration list for PBXProject "ImageFeed" */ = {
			isa = XCConfigurationList;
			buildConfigurations = (
				F41D8FC62BE6A7A500118AAE /* Debug */,
				F41D8FC72BE6A7A500118AAE /* Release */,
			);
			defaultConfigurationIsVisible = 0;
			defaultConfigurationName = Release;
		};
		F41D8FC82BE6A7A500118AAE /* Build configuration list for PBXNativeTarget "ImageFeed" */ = {
			isa = XCConfigurationList;
			buildConfigurations = (
				F41D8FC92BE6A7A500118AAE /* Debug */,
				F41D8FCA2BE6A7A500118AAE /* Release */,
			);
			defaultConfigurationIsVisible = 0;
			defaultConfigurationName = Release;
		};
/* End XCConfigurationList section */
	};
	rootObject = F41D8FAC2BE6A7A400118AAE /* Project object */;
}
